
Microsoft Visual Studio Solution File, Format Version 11.00
# Visual Studio 2010
Project("{FAE04EC0-301F-11D3-BF4B-00C04F79EFBC}") = "Wk2-1", "Wk2-1\Wk2-1.csproj", "{EA7C8782-2801-4110-BE9A-96BE0326C344}"
EndProject
Project("{FAE04EC0-301F-11D3-BF4B-00C04F79EFBC}") = "Wk1-2", "Wk1-2\Wk1-2.csproj", "{5C3A8BF4-CB21-485E-B04D-DA40FD5A68F2}"
EndProject
Project("{FAE04EC0-301F-11D3-BF4B-00C04F79EFBC}") = "Wk2-1b", "Wk2-1b\Wk2-1b.csproj", "{ED97CBD7-7384-4663-92C5-D0F49B727EA1}"
EndProject
Project("{FAE04EC0-301F-11D3-BF4B-00C04F79EFBC}") = "wk2-2", "wk2-2\wk2-2.csproj", "{89970BF3-1DE4-4AE3-A66C-C8CE0BE57B4C}"
EndProject
Project("{FAE04EC0-301F-11D3-BF4B-00C04F79EFBC}") = "Wk1-3", "Wk1-3\Wk1-3.csproj", "{4DB6BD8C-9468-4C0C-812C-A172A115CD6A}"
EndProject
Project("{FAE04EC0-301F-11D3-BF4B-00C04F79EFBC}") = "wk2-3", "wk2-3\wk2-3.csproj", "{F10A927C-BDDC-4613-BD25-863A09C823FD}"
EndProject
Project("{FAE04EC0-301F-11D3-BF4B-00C04F79EFBC}") = "Wk2-4", "Wk2-4\Wk2-4.csproj", "{B54F4B9E-6A8C-4EF1-88BC-7B5D2EA3B758}"
EndProject
Project("{FAE04EC0-301F-11D3-BF4B-00C04F79EFBC}") = "Wk2-5b", "Wk2-5b\Wk2-5b.csproj", "{DC8F98BD-C458-410B-B566-499ABAC55EE4}"
EndProject
Global
	GlobalSection(SolutionConfigurationPlatforms) = preSolution
		Debug|Any CPU = Debug|Any CPU
		Debug|Mixed Platforms = Debug|Mixed Platforms
		Debug|x86 = Debug|x86
		Release|Any CPU = Release|Any CPU
		Release|Mixed Platforms = Release|Mixed Platforms
		Release|x86 = Release|x86
	EndGlobalSection
	GlobalSection(ProjectConfigurationPlatforms) = postSolution
		{EA7C8782-2801-4110-BE9A-96BE0326C344}.Debug|Any CPU.ActiveCfg = Debug|x86
		{EA7C8782-2801-4110-BE9A-96BE0326C344}.Debug|Mixed Platforms.ActiveCfg = Debug|x86
		{EA7C8782-2801-4110-BE9A-96BE0326C344}.Debug|Mixed Platforms.Build.0 = Debug|x86
		{EA7C8782-2801-4110-BE9A-96BE0326C344}.Debug|x86.ActiveCfg = Debug|x86
		{EA7C8782-2801-4110-BE9A-96BE0326C344}.Debug|x86.Build.0 = Debug|x86
		{EA7C8782-2801-4110-BE9A-96BE0326C344}.Release|Any CPU.ActiveCfg = Release|x86
		{EA7C8782-2801-4110-BE9A-96BE0326C344}.Release|Mixed Platforms.ActiveCfg = Release|x86
		{EA7C8782-2801-4110-BE9A-96BE0326C344}.Release|Mixed Platforms.Build.0 = Release|x86
		{EA7C8782-2801-4110-BE9A-96BE0326C344}.Release|x86.ActiveCfg = Release|x86
		{EA7C8782-2801-4110-BE9A-96BE0326C344}.Release|x86.Build.0 = Release|x86
		{5C3A8BF4-CB21-485E-B04D-DA40FD5A68F2}.Debug|Any CPU.ActiveCfg = Debug|x86
		{5C3A8BF4-CB21-485E-B04D-DA40FD5A68F2}.Debug|Mixed Platforms.ActiveCfg = Debug|x86
		{5C3A8BF4-CB21-485E-B04D-DA40FD5A68F2}.Debug|Mixed Platforms.Build.0 = Debug|x86
		{5C3A8BF4-CB21-485E-B04D-DA40FD5A68F2}.Debug|x86.ActiveCfg = Debug|x86
		{5C3A8BF4-CB21-485E-B04D-DA40FD5A68F2}.Debug|x86.Build.0 = Debug|x86
		{5C3A8BF4-CB21-485E-B04D-DA40FD5A68F2}.Release|Any CPU.ActiveCfg = Release|x86
		{5C3A8BF4-CB21-485E-B04D-DA40FD5A68F2}.Release|Mixed Platforms.ActiveCfg = Release|x86
		{5C3A8BF4-CB21-485E-B04D-DA40FD5A68F2}.Release|Mixed Platforms.Build.0 = Release|x86
		{5C3A8BF4-CB21-485E-B04D-DA40FD5A68F2}.Release|x86.ActiveCfg = Release|x86
		{5C3A8BF4-CB21-485E-B04D-DA40FD5A68F2}.Release|x86.Build.0 = Release|x86
		{ED97CBD7-7384-4663-92C5-D0F49B727EA1}.Debug|Any CPU.ActiveCfg = Debug|x86
		{ED97CBD7-7384-4663-92C5-D0F49B727EA1}.Debug|Mixed Platforms.ActiveCfg = Debug|x86
		{ED97CBD7-7384-4663-92C5-D0F49B727EA1}.Debug|Mixed Platforms.Build.0 = Debug|x86
		{ED97CBD7-7384-4663-92C5-D0F49B727EA1}.Debug|x86.ActiveCfg = Debug|x86
		{ED97CBD7-7384-4663-92C5-D0F49B727EA1}.Debug|x86.Build.0 = Debug|x86
		{ED97CBD7-7384-4663-92C5-D0F49B727EA1}.Release|Any CPU.ActiveCfg = Release|x86
		{ED97CBD7-7384-4663-92C5-D0F49B727EA1}.Release|Mixed Platforms.ActiveCfg = Release|x86
		{ED97CBD7-7384-4663-92C5-D0F49B727EA1}.Release|Mixed Platforms.Build.0 = Release|x86
		{ED97CBD7-7384-4663-92C5-D0F49B727EA1}.Release|x86.ActiveCfg = Release|x86
		{ED97CBD7-7384-4663-92C5-D0F49B727EA1}.Release|x86.Build.0 = Release|x86
		{89970BF3-1DE4-4AE3-A66C-C8CE0BE57B4C}.Debug|Any CPU.ActiveCfg = Debug|x86
		{89970BF3-1DE4-4AE3-A66C-C8CE0BE57B4C}.Debug|Mixed Platforms.ActiveCfg = Debug|x86
		{89970BF3-1DE4-4AE3-A66C-C8CE0BE57B4C}.Debug|Mixed Platforms.Build.0 = Debug|x86
		{89970BF3-1DE4-4AE3-A66C-C8CE0BE57B4C}.Debug|x86.ActiveCfg = Debug|x86
		{89970BF3-1DE4-4AE3-A66C-C8CE0BE57B4C}.Debug|x86.Build.0 = Debug|x86
		{89970BF3-1DE4-4AE3-A66C-C8CE0BE57B4C}.Release|Any CPU.ActiveCfg = Release|x86
		{89970BF3-1DE4-4AE3-A66C-C8CE0BE57B4C}.Release|Mixed Platforms.ActiveCfg = Release|x86
		{89970BF3-1DE4-4AE3-A66C-C8CE0BE57B4C}.Release|Mixed Platforms.Build.0 = Release|x86
		{89970BF3-1DE4-4AE3-A66C-C8CE0BE57B4C}.Release|x86.ActiveCfg = Release|x86
		{89970BF3-1DE4-4AE3-A66C-C8CE0BE57B4C}.Release|x86.Build.0 = Release|x86
		{4DB6BD8C-9468-4C0C-812C-A172A115CD6A}.Debug|Any CPU.ActiveCfg = Debug|x86
		{4DB6BD8C-9468-4C0C-812C-A172A115CD6A}.Debug|Mixed Platforms.ActiveCfg = Debug|x86
		{4DB6BD8C-9468-4C0C-812C-A172A115CD6A}.Debug|Mixed Platforms.Build.0 = Debug|x86
		{4DB6BD8C-9468-4C0C-812C-A172A115CD6A}.Debug|x86.ActiveCfg = Debug|x86
		{4DB6BD8C-9468-4C0C-812C-A172A115CD6A}.Debug|x86.Build.0 = Debug|x86
		{4DB6BD8C-9468-4C0C-812C-A172A115CD6A}.Release|Any CPU.ActiveCfg = Release|x86
		{4DB6BD8C-9468-4C0C-812C-A172A115CD6A}.Release|Mixed Platforms.ActiveCfg = Release|x86
		{4DB6BD8C-9468-4C0C-812C-A172A115CD6A}.Release|Mixed Platforms.Build.0 = Release|x86
		{4DB6BD8C-9468-4C0C-812C-A172A115CD6A}.Release|x86.ActiveCfg = Release|x86
		{4DB6BD8C-9468-4C0C-812C-A172A115CD6A}.Release|x86.Build.0 = Release|x86
		{F10A927C-BDDC-4613-BD25-863A09C823FD}.Debug|Any CPU.ActiveCfg = Debug|x86
		{F10A927C-BDDC-4613-BD25-863A09C823FD}.Debug|Mixed Platforms.ActiveCfg = Debug|x86
		{F10A927C-BDDC-4613-BD25-863A09C823FD}.Debug|Mixed Platforms.Build.0 = Debug|x86
		{F10A927C-BDDC-4613-BD25-863A09C823FD}.Debug|x86.ActiveCfg = Debug|x86
		{F10A927C-BDDC-4613-BD25-863A09C823FD}.Debug|x86.Build.0 = Debug|x86
		{F10A927C-BDDC-4613-BD25-863A09C823FD}.Release|Any CPU.ActiveCfg = Release|x86
		{F10A927C-BDDC-4613-BD25-863A09C823FD}.Release|Mixed Platforms.ActiveCfg = Release|x86
		{F10A927C-BDDC-4613-BD25-863A09C823FD}.Release|Mixed Platforms.Build.0 = Release|x86
		{F10A927C-BDDC-4613-BD25-863A09C823FD}.Release|x86.ActiveCfg = Release|x86
		{F10A927C-BDDC-4613-BD25-863A09C823FD}.Release|x86.Build.0 = Release|x86
		{B54F4B9E-6A8C-4EF1-88BC-7B5D2EA3B758}.Debug|Any CPU.ActiveCfg = Debug|x86
		{B54F4B9E-6A8C-4EF1-88BC-7B5D2EA3B758}.Debug|Mixed Platforms.ActiveCfg = Debug|x86
		{B54F4B9E-6A8C-4EF1-88BC-7B5D2EA3B758}.Debug|Mixed Platforms.Build.0 = Debug|x86
		{B54F4B9E-6A8C-4EF1-88BC-7B5D2EA3B758}.Debug|x86.ActiveCfg = Debug|x86
		{B54F4B9E-6A8C-4EF1-88BC-7B5D2EA3B758}.Debug|x86.Build.0 = Debug|x86
		{B54F4B9E-6A8C-4EF1-88BC-7B5D2EA3B758}.Release|Any CPU.ActiveCfg = Release|x86
		{B54F4B9E-6A8C-4EF1-88BC-7B5D2EA3B758}.Release|Mixed Platforms.ActiveCfg = Release|x86
		{B54F4B9E-6A8C-4EF1-88BC-7B5D2EA3B758}.Release|Mixed Platforms.Build.0 = Release|x86
		{B54F4B9E-6A8C-4EF1-88BC-7B5D2EA3B758}.Release|x86.ActiveCfg = Release|x86
		{B54F4B9E-6A8C-4EF1-88BC-7B5D2EA3B758}.Release|x86.Build.0 = Release|x86
		{DC8F98BD-C458-410B-B566-499ABAC55EE4}.Debug|Any CPU.ActiveCfg = Debug|x86
		{DC8F98BD-C458-410B-B566-499ABAC55EE4}.Debug|Mixed Platforms.ActiveCfg = Debug|x86
		{DC8F98BD-C458-410B-B566-499ABAC55EE4}.Debug|Mixed Platforms.Build.0 = Debug|x86
		{DC8F98BD-C458-410B-B566-499ABAC55EE4}.Debug|x86.ActiveCfg = Debug|x86
		{DC8F98BD-C458-410B-B566-499ABAC55EE4}.Debug|x86.Build.0 = Debug|x86
		{DC8F98BD-C458-410B-B566-499ABAC55EE4}.Release|Any CPU.ActiveCfg = Release|x86
		{DC8F98BD-C458-410B-B566-499ABAC55EE4}.Release|Mixed Platforms.ActiveCfg = Release|x86
		{DC8F98BD-C458-410B-B566-499ABAC55EE4}.Release|Mixed Platforms.Build.0 = Release|x86
		{DC8F98BD-C458-410B-B566-499ABAC55EE4}.Release|x86.ActiveCfg = Release|x86
		{DC8F98BD-C458-410B-B566-499ABAC55EE4}.Release|x86.Build.0 = Release|x86
	EndGlobalSection
	GlobalSection(SolutionProperties) = preSolution
		HideSolutionNode = FALSE
	EndGlobalSection
EndGlobal
